
Microsoft Visual Studio Solution File, Format Version 12.00
# Visual Studio Version 16
VisualStudioVersion = 16.0.30204.135
MinimumVisualStudioVersion = 10.0.40219.1
Project("{FAE04EC0-301F-11D3-BF4B-00C04F79EFBC}") = "MiniProject", "MiniProject\MiniProject.csproj", "{DC880A9B-9C9F-4C4B-8EC4-1AC37AF7722D}"
EndProject
Global
	GlobalSection(SolutionConfigurationPlatforms) = preSolution
		Debug|Any CPU = Debug|Any CPU
		Release|Any CPU = Release|Any CPU
	EndGlobalSection
	GlobalSection(ProjectConfigurationPlatforms) = postSolution
		{DC880A9B-9C9F-4C4B-8EC4-1AC37AF7722D}.Debug|Any CPU.ActiveCfg = Debug|Any CPU
		{DC880A9B-9C9F-4C4B-8EC4-1AC37AF7722D}.Debug|Any CPU.Build.0 = Debug|Any CPU
		{DC880A9B-9C9F-4C4B-8EC4-1AC37AF7722D}.Release|Any CPU.ActiveCfg = Release|Any CPU
		{DC880A9B-9C9F-4C4B-8EC4-1AC37AF7722D}.Release|Any CPU.Build.0 = Release|Any CPU
	EndGlobalSection
	GlobalSection(SolutionProperties) = preSolution
		HideSolutionNode = FALSE
	EndGlobalSection
	GlobalSection(ExtensibilityGlobals) = postSolution
		SolutionGuid = {D86F92F1-3A5D-431A-A54C-AA1C71EF08D9}
	EndGlobalSection
EndGlobal
